
Microsoft Visual Studio Solution File, Format Version 12.00
# Visual Studio Version 16
VisualStudioVersion = 16.0.32106.194
MinimumVisualStudioVersion = 10.0.40219.1
Project("{FAE04EC0-301F-11D3-BF4B-00C04F79EFBC}") = "30.06.22 Задание 5", "30.06.22 Задание 5.csproj", "{6AFDF16C-6A53-4376-B342-C0C11BBAA519}"
EndProject
Global
	GlobalSection(SolutionConfigurationPlatforms) = preSolution
		Debug|Any CPU = Debug|Any CPU
		Release|Any CPU = Release|Any CPU
	EndGlobalSection
	GlobalSection(ProjectConfigurationPlatforms) = postSolution
		{6AFDF16C-6A53-4376-B342-C0C11BBAA519}.Debug|Any CPU.ActiveCfg = Debug|Any CPU
		{6AFDF16C-6A53-4376-B342-C0C11BBAA519}.Debug|Any CPU.Build.0 = Debug|Any CPU
		{6AFDF16C-6A53-4376-B342-C0C11BBAA519}.Release|Any CPU.ActiveCfg = Release|Any CPU
		{6AFDF16C-6A53-4376-B342-C0C11BBAA519}.Release|Any CPU.Build.0 = Release|Any CPU
	EndGlobalSection
	GlobalSection(SolutionProperties) = preSolution
		HideSolutionNode = FALSE
	EndGlobalSection
	GlobalSection(ExtensibilityGlobals) = postSolution
		SolutionGuid = {88181F45-E65A-4949-B481-356E851BA1C1}
	EndGlobalSection
EndGlobal
