
Microsoft Visual Studio Solution File, Format Version 12.00
# Visual Studio Version 16
VisualStudioVersion = 16.0.32106.194
MinimumVisualStudioVersion = 10.0.40219.1
Project("{FAE04EC0-301F-11D3-BF4B-00C04F79EFBC}") = "15.06.22 Задание 4", "15.06.22 Задание 4.csproj", "{9F955C9E-136A-4182-B60A-ED88E718B696}"
EndProject
Global
	GlobalSection(SolutionConfigurationPlatforms) = preSolution
		Debug|Any CPU = Debug|Any CPU
		Release|Any CPU = Release|Any CPU
	EndGlobalSection
	GlobalSection(ProjectConfigurationPlatforms) = postSolution
		{9F955C9E-136A-4182-B60A-ED88E718B696}.Debug|Any CPU.ActiveCfg = Debug|Any CPU
		{9F955C9E-136A-4182-B60A-ED88E718B696}.Debug|Any CPU.Build.0 = Debug|Any CPU
		{9F955C9E-136A-4182-B60A-ED88E718B696}.Release|Any CPU.ActiveCfg = Release|Any CPU
		{9F955C9E-136A-4182-B60A-ED88E718B696}.Release|Any CPU.Build.0 = Release|Any CPU
	EndGlobalSection
	GlobalSection(SolutionProperties) = preSolution
		HideSolutionNode = FALSE
	EndGlobalSection
	GlobalSection(ExtensibilityGlobals) = postSolution
		SolutionGuid = {3A5706AD-F1E2-4361-9565-22291833B9C1}
	EndGlobalSection
EndGlobal
