
Microsoft Visual Studio Solution File, Format Version 12.00
# Visual Studio Version 16
VisualStudioVersion = 16.0.32106.194
MinimumVisualStudioVersion = 10.0.40219.1
Project("{FAE04EC0-301F-11D3-BF4B-00C04F79EFBC}") = "20.06.22 Задание 2", "20.06.22 Задание 2.csproj", "{D1FDA91F-70C6-4649-B9C3-F0A638940226}"
EndProject
Global
	GlobalSection(SolutionConfigurationPlatforms) = preSolution
		Debug|Any CPU = Debug|Any CPU
		Release|Any CPU = Release|Any CPU
	EndGlobalSection
	GlobalSection(ProjectConfigurationPlatforms) = postSolution
		{D1FDA91F-70C6-4649-B9C3-F0A638940226}.Debug|Any CPU.ActiveCfg = Debug|Any CPU
		{D1FDA91F-70C6-4649-B9C3-F0A638940226}.Debug|Any CPU.Build.0 = Debug|Any CPU
		{D1FDA91F-70C6-4649-B9C3-F0A638940226}.Release|Any CPU.ActiveCfg = Release|Any CPU
		{D1FDA91F-70C6-4649-B9C3-F0A638940226}.Release|Any CPU.Build.0 = Release|Any CPU
	EndGlobalSection
	GlobalSection(SolutionProperties) = preSolution
		HideSolutionNode = FALSE
	EndGlobalSection
	GlobalSection(ExtensibilityGlobals) = postSolution
		SolutionGuid = {30C48878-E4F0-487E-8A9D-A121C54D819A}
	EndGlobalSection
EndGlobal
